
Microsoft Visual Studio Solution File, Format Version 12.00
# Visual Studio 2013
VisualStudioVersion = 12.0.40629.0
MinimumVisualStudioVersion = 10.0.40219.1
Project("{FAE04EC0-301F-11D3-BF4B-00C04F79EFBC}") = "AccountTest", "AccountTest\AccountTest.csproj", "{C4EC7154-76A2-45CD-A6DA-8AB9D9C81CA9}"
EndProject
Project("{FAE04EC0-301F-11D3-BF4B-00C04F79EFBC}") = "Banking Model", "ClassLibrary1\Banking Model.csproj", "{3C008737-DF93-4A50-9BA4-F2B04F172E80}"
EndProject
Global
	GlobalSection(SolutionConfigurationPlatforms) = preSolution
		Debug|Any CPU = Debug|Any CPU
		Release|Any CPU = Release|Any CPU
	EndGlobalSection
	GlobalSection(ProjectConfigurationPlatforms) = postSolution
		{C4EC7154-76A2-45CD-A6DA-8AB9D9C81CA9}.Debug|Any CPU.ActiveCfg = Debug|Any CPU
		{C4EC7154-76A2-45CD-A6DA-8AB9D9C81CA9}.Debug|Any CPU.Build.0 = Debug|Any CPU
		{C4EC7154-76A2-45CD-A6DA-8AB9D9C81CA9}.Release|Any CPU.ActiveCfg = Release|Any CPU
		{C4EC7154-76A2-45CD-A6DA-8AB9D9C81CA9}.Release|Any CPU.Build.0 = Release|Any CPU
		{3C008737-DF93-4A50-9BA4-F2B04F172E80}.Debug|Any CPU.ActiveCfg = Debug|Any CPU
		{3C008737-DF93-4A50-9BA4-F2B04F172E80}.Debug|Any CPU.Build.0 = Debug|Any CPU
		{3C008737-DF93-4A50-9BA4-F2B04F172E80}.Release|Any CPU.ActiveCfg = Release|Any CPU
		{3C008737-DF93-4A50-9BA4-F2B04F172E80}.Release|Any CPU.Build.0 = Release|Any CPU
	EndGlobalSection
	GlobalSection(SolutionProperties) = preSolution
		HideSolutionNode = FALSE
	EndGlobalSection
EndGlobal
